
Microsoft Visual Studio Solution File, Format Version 12.00
# Visual Studio 15
Project("{FAE04EC0-301F-11D3-BF4B-00C04F79EFBC}") = "UnityEngine.TestRunner", "UnityEngine.TestRunner.csproj", "{80E7974D-4DCE-E3DD-D4AB-883E9FCDE58E}"
EndProject
Project("{FAE04EC0-301F-11D3-BF4B-00C04F79EFBC}") = "Unity.Timeline", "Unity.Timeline.csproj", "{9A6275DF-1259-86F5-4898-F2460349A3EA}"
EndProject
Project("{FAE04EC0-301F-11D3-BF4B-00C04F79EFBC}") = "UnityEngine.UI", "UnityEngine.UI.csproj", "{BCFC2B3F-AACE-D09A-F94E-C644CDF9614A}"
EndProject
Project("{FAE04EC0-301F-11D3-BF4B-00C04F79EFBC}") = "Unity.TextMeshPro", "Unity.TextMeshPro.csproj", "{F1D8862E-6138-0C41-DA82-F43A6363942C}"
EndProject
Project("{FAE04EC0-301F-11D3-BF4B-00C04F79EFBC}") = "CFXRDemo", "CFXRDemo.csproj", "{E8657DD1-F983-D04C-497B-E5CB849FDD52}"
EndProject
Project("{FAE04EC0-301F-11D3-BF4B-00C04F79EFBC}") = "Assembly-CSharp", "Assembly-CSharp.csproj", "{038AC0DE-28CA-E37D-8031-5621BA3E8786}"
EndProject
Project("{FAE04EC0-301F-11D3-BF4B-00C04F79EFBC}") = "KinoBloom.Runtime", "KinoBloom.Runtime.csproj", "{A70CBE16-6232-7A7E-B911-974E1FD09FC2}"
EndProject
Project("{FAE04EC0-301F-11D3-BF4B-00C04F79EFBC}") = "CFXRRuntime", "CFXRRuntime.csproj", "{3AD885B0-0EA9-2242-4812-3BDB967B4AFC}"
EndProject
Project("{FAE04EC0-301F-11D3-BF4B-00C04F79EFBC}") = "CFXR.WelcomeScreen", "CFXR.WelcomeScreen.csproj", "{9EA76901-3808-ECAA-26CD-137EC6E4666F}"
EndProject
Project("{FAE04EC0-301F-11D3-BF4B-00C04F79EFBC}") = "UnityEditor.TestRunner", "UnityEditor.TestRunner.csproj", "{1DB66A18-AA93-F1D7-761A-D81E33728210}"
EndProject
Project("{FAE04EC0-301F-11D3-BF4B-00C04F79EFBC}") = "Unity.PlasticSCM.Editor", "Unity.PlasticSCM.Editor.csproj", "{79ECF2CA-40BB-1E4B-468F-1422C52C8883}"
EndProject
Project("{FAE04EC0-301F-11D3-BF4B-00C04F79EFBC}") = "UnityEditor.UI", "UnityEditor.UI.csproj", "{193FFC41-52DA-70A7-AFA0-899E68555166}"
EndProject
Project("{FAE04EC0-301F-11D3-BF4B-00C04F79EFBC}") = "Unity.Services.Core.Editor", "Unity.Services.Core.Editor.csproj", "{C905D069-A66B-9121-C585-D9C459BFF5BF}"
EndProject
Project("{FAE04EC0-301F-11D3-BF4B-00C04F79EFBC}") = "Unity.Timeline.Editor", "Unity.Timeline.Editor.csproj", "{06E8C2A3-19FD-EF6C-2B4B-6C689C0061CD}"
EndProject
Project("{FAE04EC0-301F-11D3-BF4B-00C04F79EFBC}") = "Unity.VisualStudio.Editor", "Unity.VisualStudio.Editor.csproj", "{9548EADC-C18A-3F48-EBE1-193FDF8C3DC7}"
EndProject
Project("{FAE04EC0-301F-11D3-BF4B-00C04F79EFBC}") = "Unity.TextMeshPro.Editor", "Unity.TextMeshPro.Editor.csproj", "{DEB18383-7A50-578C-DB5C-F8BF256083AF}"
EndProject
Project("{FAE04EC0-301F-11D3-BF4B-00C04F79EFBC}") = "Unity.CollabProxy.Editor", "Unity.CollabProxy.Editor.csproj", "{6B86CCB4-96E3-2569-2E23-E7A88D97CFAD}"
EndProject
Project("{FAE04EC0-301F-11D3-BF4B-00C04F79EFBC}") = "Unity.Rider.Editor", "Unity.Rider.Editor.csproj", "{5AA9E717-A649-774C-7905-00BB01B0ACA2}"
EndProject
Project("{FAE04EC0-301F-11D3-BF4B-00C04F79EFBC}") = "Unity.VSCode.Editor", "Unity.VSCode.Editor.csproj", "{46C2B130-8A08-84FE-CD76-D2EF2B9FE0BE}"
EndProject
Project("{FAE04EC0-301F-11D3-BF4B-00C04F79EFBC}") = "ToonyColorsPro.Demo.Editor", "ToonyColorsPro.Demo.Editor.csproj", "{416B6269-FC90-9BF8-5051-E8E9E77977AA}"
EndProject
Project("{FAE04EC0-301F-11D3-BF4B-00C04F79EFBC}") = "CFXREditor", "CFXREditor.csproj", "{CA9B6569-E641-ABEE-2044-D0FEA69909D4}"
EndProject
Project("{FAE04EC0-301F-11D3-BF4B-00C04F79EFBC}") = "UnityEngine.TestRunner", "UnityEngine.TestRunner.Player.csproj", "{837CA65A-1C19-95D1-6653-C4B41707EF1A}"
EndProject
Project("{FAE04EC0-301F-11D3-BF4B-00C04F79EFBC}") = "Unity.Timeline", "Unity.Timeline.Player.csproj", "{6A4DE17B-137A-8A70-8614-5471689E1B53}"
EndProject
Project("{FAE04EC0-301F-11D3-BF4B-00C04F79EFBC}") = "UnityEngine.UI", "UnityEngine.UI.Player.csproj", "{A385D780-B5CE-51AA-E76E-C3EF344D7B83}"
EndProject
Project("{FAE04EC0-301F-11D3-BF4B-00C04F79EFBC}") = "Unity.TextMeshPro", "Unity.TextMeshPro.Player.csproj", "{D960FDF5-B449-F8B2-7E89-297FFEAB4363}"
EndProject
Project("{FAE04EC0-301F-11D3-BF4B-00C04F79EFBC}") = "CFXRDemo", "CFXRDemo.Player.csproj", "{3C5C420A-D872-AC80-3507-D2273B76F31C}"
EndProject
Project("{FAE04EC0-301F-11D3-BF4B-00C04F79EFBC}") = "Assembly-CSharp", "Assembly-CSharp.Player.csproj", "{D22B8E63-F78C-4CAF-02EA-5E6251739D1F}"
EndProject
Project("{FAE04EC0-301F-11D3-BF4B-00C04F79EFBC}") = "KinoBloom.Runtime", "KinoBloom.Runtime.Player.csproj", "{671F24A7-2AF1-2DA0-137E-8689AEE026DC}"
EndProject
Project("{FAE04EC0-301F-11D3-BF4B-00C04F79EFBC}") = "CFXRRuntime", "CFXRRuntime.Player.csproj", "{2665039A-D7A4-C3FA-2CE4-205AAE877263}"
EndProject
Global
	GlobalSection(SolutionConfigurationPlatforms) = preSolution
		Debug|Any CPU = Debug|Any CPU
		Release|Any CPU = Release|Any CPU
	EndGlobalSection
	GlobalSection(ProjectConfigurationPlatforms) = postSolution
		{80E7974D-4DCE-E3DD-D4AB-883E9FCDE58E}.Debug|Any CPU.ActiveCfg = Debug|Any CPU
		{80E7974D-4DCE-E3DD-D4AB-883E9FCDE58E}.Debug|Any CPU.Build.0 = Debug|Any CPU
		{80E7974D-4DCE-E3DD-D4AB-883E9FCDE58E}.Release|Any CPU.ActiveCfg = Release|Any CPU
		{80E7974D-4DCE-E3DD-D4AB-883E9FCDE58E}.Release|Any CPU.Build.0 = Release|Any CPU
		{9A6275DF-1259-86F5-4898-F2460349A3EA}.Debug|Any CPU.ActiveCfg = Debug|Any CPU
		{9A6275DF-1259-86F5-4898-F2460349A3EA}.Debug|Any CPU.Build.0 = Debug|Any CPU
		{9A6275DF-1259-86F5-4898-F2460349A3EA}.Release|Any CPU.ActiveCfg = Release|Any CPU
		{9A6275DF-1259-86F5-4898-F2460349A3EA}.Release|Any CPU.Build.0 = Release|Any CPU
		{BCFC2B3F-AACE-D09A-F94E-C644CDF9614A}.Debug|Any CPU.ActiveCfg = Debug|Any CPU
		{BCFC2B3F-AACE-D09A-F94E-C644CDF9614A}.Debug|Any CPU.Build.0 = Debug|Any CPU
		{BCFC2B3F-AACE-D09A-F94E-C644CDF9614A}.Release|Any CPU.ActiveCfg = Release|Any CPU
		{BCFC2B3F-AACE-D09A-F94E-C644CDF9614A}.Release|Any CPU.Build.0 = Release|Any CPU
		{F1D8862E-6138-0C41-DA82-F43A6363942C}.Debug|Any CPU.ActiveCfg = Debug|Any CPU
		{F1D8862E-6138-0C41-DA82-F43A6363942C}.Debug|Any CPU.Build.0 = Debug|Any CPU
		{F1D8862E-6138-0C41-DA82-F43A6363942C}.Release|Any CPU.ActiveCfg = Release|Any CPU
		{F1D8862E-6138-0C41-DA82-F43A6363942C}.Release|Any CPU.Build.0 = Release|Any CPU
		{E8657DD1-F983-D04C-497B-E5CB849FDD52}.Debug|Any CPU.ActiveCfg = Debug|Any CPU
		{E8657DD1-F983-D04C-497B-E5CB849FDD52}.Debug|Any CPU.Build.0 = Debug|Any CPU
		{E8657DD1-F983-D04C-497B-E5CB849FDD52}.Release|Any CPU.ActiveCfg = Release|Any CPU
		{E8657DD1-F983-D04C-497B-E5CB849FDD52}.Release|Any CPU.Build.0 = Release|Any CPU
		{038AC0DE-28CA-E37D-8031-5621BA3E8786}.Debug|Any CPU.ActiveCfg = Debug|Any CPU
		{038AC0DE-28CA-E37D-8031-5621BA3E8786}.Debug|Any CPU.Build.0 = Debug|Any CPU
		{038AC0DE-28CA-E37D-8031-5621BA3E8786}.Release|Any CPU.ActiveCfg = Release|Any CPU
		{038AC0DE-28CA-E37D-8031-5621BA3E8786}.Release|Any CPU.Build.0 = Release|Any CPU
		{A70CBE16-6232-7A7E-B911-974E1FD09FC2}.Debug|Any CPU.ActiveCfg = Debug|Any CPU
		{A70CBE16-6232-7A7E-B911-974E1FD09FC2}.Debug|Any CPU.Build.0 = Debug|Any CPU
		{A70CBE16-6232-7A7E-B911-974E1FD09FC2}.Release|Any CPU.ActiveCfg = Release|Any CPU
		{A70CBE16-6232-7A7E-B911-974E1FD09FC2}.Release|Any CPU.Build.0 = Release|Any CPU
		{3AD885B0-0EA9-2242-4812-3BDB967B4AFC}.Debug|Any CPU.ActiveCfg = Debug|Any CPU
		{3AD885B0-0EA9-2242-4812-3BDB967B4AFC}.Debug|Any CPU.Build.0 = Debug|Any CPU
		{3AD885B0-0EA9-2242-4812-3BDB967B4AFC}.Release|Any CPU.ActiveCfg = Release|Any CPU
		{3AD885B0-0EA9-2242-4812-3BDB967B4AFC}.Release|Any CPU.Build.0 = Release|Any CPU
		{9EA76901-3808-ECAA-26CD-137EC6E4666F}.Debug|Any CPU.ActiveCfg = Debug|Any CPU
		{9EA76901-3808-ECAA-26CD-137EC6E4666F}.Debug|Any CPU.Build.0 = Debug|Any CPU
		{9EA76901-3808-ECAA-26CD-137EC6E4666F}.Release|Any CPU.ActiveCfg = Release|Any CPU
		{9EA76901-3808-ECAA-26CD-137EC6E4666F}.Release|Any CPU.Build.0 = Release|Any CPU
		{1DB66A18-AA93-F1D7-761A-D81E33728210}.Debug|Any CPU.ActiveCfg = Debug|Any CPU
		{1DB66A18-AA93-F1D7-761A-D81E33728210}.Debug|Any CPU.Build.0 = Debug|Any CPU
		{1DB66A18-AA93-F1D7-761A-D81E33728210}.Release|Any CPU.ActiveCfg = Release|Any CPU
		{1DB66A18-AA93-F1D7-761A-D81E33728210}.Release|Any CPU.Build.0 = Release|Any CPU
		{79ECF2CA-40BB-1E4B-468F-1422C52C8883}.Debug|Any CPU.ActiveCfg = Debug|Any CPU
		{79ECF2CA-40BB-1E4B-468F-1422C52C8883}.Debug|Any CPU.Build.0 = Debug|Any CPU
		{79ECF2CA-40BB-1E4B-468F-1422C52C8883}.Release|Any CPU.ActiveCfg = Release|Any CPU
		{79ECF2CA-40BB-1E4B-468F-1422C52C8883}.Release|Any CPU.Build.0 = Release|Any CPU
		{193FFC41-52DA-70A7-AFA0-899E68555166}.Debug|Any CPU.ActiveCfg = Debug|Any CPU
		{193FFC41-52DA-70A7-AFA0-899E68555166}.Debug|Any CPU.Build.0 = Debug|Any CPU
		{193FFC41-52DA-70A7-AFA0-899E68555166}.Release|Any CPU.ActiveCfg = Release|Any CPU
		{193FFC41-52DA-70A7-AFA0-899E68555166}.Release|Any CPU.Build.0 = Release|Any CPU
		{C905D069-A66B-9121-C585-D9C459BFF5BF}.Debug|Any CPU.ActiveCfg = Debug|Any CPU
		{C905D069-A66B-9121-C585-D9C459BFF5BF}.Debug|Any CPU.Build.0 = Debug|Any CPU
		{C905D069-A66B-9121-C585-D9C459BFF5BF}.Release|Any CPU.ActiveCfg = Release|Any CPU
		{C905D069-A66B-9121-C585-D9C459BFF5BF}.Release|Any CPU.Build.0 = Release|Any CPU
		{06E8C2A3-19FD-EF6C-2B4B-6C689C0061CD}.Debug|Any CPU.ActiveCfg = Debug|Any CPU
		{06E8C2A3-19FD-EF6C-2B4B-6C689C0061CD}.Debug|Any CPU.Build.0 = Debug|Any CPU
		{06E8C2A3-19FD-EF6C-2B4B-6C689C0061CD}.Release|Any CPU.ActiveCfg = Release|Any CPU
		{06E8C2A3-19FD-EF6C-2B4B-6C689C0061CD}.Release|Any CPU.Build.0 = Release|Any CPU
		{9548EADC-C18A-3F48-EBE1-193FDF8C3DC7}.Debug|Any CPU.ActiveCfg = Debug|Any CPU
		{9548EADC-C18A-3F48-EBE1-193FDF8C3DC7}.Debug|Any CPU.Build.0 = Debug|Any CPU
		{9548EADC-C18A-3F48-EBE1-193FDF8C3DC7}.Release|Any CPU.ActiveCfg = Release|Any CPU
		{9548EADC-C18A-3F48-EBE1-193FDF8C3DC7}.Release|Any CPU.Build.0 = Release|Any CPU
		{DEB18383-7A50-578C-DB5C-F8BF256083AF}.Debug|Any CPU.ActiveCfg = Debug|Any CPU
		{DEB18383-7A50-578C-DB5C-F8BF256083AF}.Debug|Any CPU.Build.0 = Debug|Any CPU
		{DEB18383-7A50-578C-DB5C-F8BF256083AF}.Release|Any CPU.ActiveCfg = Release|Any CPU
		{DEB18383-7A50-578C-DB5C-F8BF256083AF}.Release|Any CPU.Build.0 = Release|Any CPU
		{6B86CCB4-96E3-2569-2E23-E7A88D97CFAD}.Debug|Any CPU.ActiveCfg = Debug|Any CPU
		{6B86CCB4-96E3-2569-2E23-E7A88D97CFAD}.Debug|Any CPU.Build.0 = Debug|Any CPU
		{6B86CCB4-96E3-2569-2E23-E7A88D97CFAD}.Release|Any CPU.ActiveCfg = Release|Any CPU
		{6B86CCB4-96E3-2569-2E23-E7A88D97CFAD}.Release|Any CPU.Build.0 = Release|Any CPU
		{5AA9E717-A649-774C-7905-00BB01B0ACA2}.Debug|Any CPU.ActiveCfg = Debug|Any CPU
		{5AA9E717-A649-774C-7905-00BB01B0ACA2}.Debug|Any CPU.Build.0 = Debug|Any CPU
		{5AA9E717-A649-774C-7905-00BB01B0ACA2}.Release|Any CPU.ActiveCfg = Release|Any CPU
		{5AA9E717-A649-774C-7905-00BB01B0ACA2}.Release|Any CPU.Build.0 = Release|Any CPU
		{46C2B130-8A08-84FE-CD76-D2EF2B9FE0BE}.Debug|Any CPU.ActiveCfg = Debug|Any CPU
		{46C2B130-8A08-84FE-CD76-D2EF2B9FE0BE}.Debug|Any CPU.Build.0 = Debug|Any CPU
		{46C2B130-8A08-84FE-CD76-D2EF2B9FE0BE}.Release|Any CPU.ActiveCfg = Release|Any CPU
		{46C2B130-8A08-84FE-CD76-D2EF2B9FE0BE}.Release|Any CPU.Build.0 = Release|Any CPU
		{416B6269-FC90-9BF8-5051-E8E9E77977AA}.Debug|Any CPU.ActiveCfg = Debug|Any CPU
		{416B6269-FC90-9BF8-5051-E8E9E77977AA}.Debug|Any CPU.Build.0 = Debug|Any CPU
		{416B6269-FC90-9BF8-5051-E8E9E77977AA}.Release|Any CPU.ActiveCfg = Release|Any CPU
		{416B6269-FC90-9BF8-5051-E8E9E77977AA}.Release|Any CPU.Build.0 = Release|Any CPU
		{CA9B6569-E641-ABEE-2044-D0FEA69909D4}.Debug|Any CPU.ActiveCfg = Debug|Any CPU
		{CA9B6569-E641-ABEE-2044-D0FEA69909D4}.Debug|Any CPU.Build.0 = Debug|Any CPU
		{CA9B6569-E641-ABEE-2044-D0FEA69909D4}.Release|Any CPU.ActiveCfg = Release|Any CPU
		{CA9B6569-E641-ABEE-2044-D0FEA69909D4}.Release|Any CPU.Build.0 = Release|Any CPU
		{837CA65A-1C19-95D1-6653-C4B41707EF1A}.Debug|Any CPU.ActiveCfg = Debug|Any CPU
		{837CA65A-1C19-95D1-6653-C4B41707EF1A}.Debug|Any CPU.Build.0 = Debug|Any CPU
		{837CA65A-1C19-95D1-6653-C4B41707EF1A}.Release|Any CPU.ActiveCfg = Release|Any CPU
		{837CA65A-1C19-95D1-6653-C4B41707EF1A}.Release|Any CPU.Build.0 = Release|Any CPU
		{6A4DE17B-137A-8A70-8614-5471689E1B53}.Debug|Any CPU.ActiveCfg = Debug|Any CPU
		{6A4DE17B-137A-8A70-8614-5471689E1B53}.Debug|Any CPU.Build.0 = Debug|Any CPU
		{6A4DE17B-137A-8A70-8614-5471689E1B53}.Release|Any CPU.ActiveCfg = Release|Any CPU
		{6A4DE17B-137A-8A70-8614-5471689E1B53}.Release|Any CPU.Build.0 = Release|Any CPU
		{A385D780-B5CE-51AA-E76E-C3EF344D7B83}.Debug|Any CPU.ActiveCfg = Debug|Any CPU
		{A385D780-B5CE-51AA-E76E-C3EF344D7B83}.Debug|Any CPU.Build.0 = Debug|Any CPU
		{A385D780-B5CE-51AA-E76E-C3EF344D7B83}.Release|Any CPU.ActiveCfg = Release|Any CPU
		{A385D780-B5CE-51AA-E76E-C3EF344D7B83}.Release|Any CPU.Build.0 = Release|Any CPU
		{D960FDF5-B449-F8B2-7E89-297FFEAB4363}.Debug|Any CPU.ActiveCfg = Debug|Any CPU
		{D960FDF5-B449-F8B2-7E89-297FFEAB4363}.Debug|Any CPU.Build.0 = Debug|Any CPU
		{D960FDF5-B449-F8B2-7E89-297FFEAB4363}.Release|Any CPU.ActiveCfg = Release|Any CPU
		{D960FDF5-B449-F8B2-7E89-297FFEAB4363}.Release|Any CPU.Build.0 = Release|Any CPU
		{3C5C420A-D872-AC80-3507-D2273B76F31C}.Debug|Any CPU.ActiveCfg = Debug|Any CPU
		{3C5C420A-D872-AC80-3507-D2273B76F31C}.Debug|Any CPU.Build.0 = Debug|Any CPU
		{3C5C420A-D872-AC80-3507-D2273B76F31C}.Release|Any CPU.ActiveCfg = Release|Any CPU
		{3C5C420A-D872-AC80-3507-D2273B76F31C}.Release|Any CPU.Build.0 = Release|Any CPU
		{D22B8E63-F78C-4CAF-02EA-5E6251739D1F}.Debug|Any CPU.ActiveCfg = Debug|Any CPU
		{D22B8E63-F78C-4CAF-02EA-5E6251739D1F}.Debug|Any CPU.Build.0 = Debug|Any CPU
		{D22B8E63-F78C-4CAF-02EA-5E6251739D1F}.Release|Any CPU.ActiveCfg = Release|Any CPU
		{D22B8E63-F78C-4CAF-02EA-5E6251739D1F}.Release|Any CPU.Build.0 = Release|Any CPU
		{671F24A7-2AF1-2DA0-137E-8689AEE026DC}.Debug|Any CPU.ActiveCfg = Debug|Any CPU
		{671F24A7-2AF1-2DA0-137E-8689AEE026DC}.Debug|Any CPU.Build.0 = Debug|Any CPU
		{671F24A7-2AF1-2DA0-137E-8689AEE026DC}.Release|Any CPU.ActiveCfg = Release|Any CPU
		{671F24A7-2AF1-2DA0-137E-8689AEE026DC}.Release|Any CPU.Build.0 = Release|Any CPU
		{2665039A-D7A4-C3FA-2CE4-205AAE877263}.Debug|Any CPU.ActiveCfg = Debug|Any CPU
		{2665039A-D7A4-C3FA-2CE4-205AAE877263}.Debug|Any CPU.Build.0 = Debug|Any CPU
		{2665039A-D7A4-C3FA-2CE4-205AAE877263}.Release|Any CPU.ActiveCfg = Release|Any CPU
		{2665039A-D7A4-C3FA-2CE4-205AAE877263}.Release|Any CPU.Build.0 = Release|Any CPU
	EndGlobalSection
	GlobalSection(SolutionProperties) = preSolution
		HideSolutionNode = FALSE
	EndGlobalSection
EndGlobal
